// !$*UTF8*$!
{
	archiveVersion = 1;
	classes = {
	};
	objectVersion = 46;
	objects = {

/* Begin PBXBuildFile section */
		4655AF5B1E8F4AF900E084F7 /* main.m in Sources */ = {isa = PBXBuildFile; fileRef = 4655AF5A1E8F4AF900E084F7 /* main.m */; };
		4655AF5E1E8F4AF900E084F7 /* AppDelegate.m in Sources */ = {isa = PBXBuildFile; fileRef = 4655AF5D1E8F4AF900E084F7 /* AppDelegate.m */; };
		4655AF611E8F4AF900E084F7 /* ViewController.m in Sources */ = {isa = PBXBuildFile; fileRef = 4655AF601E8F4AF900E084F7 /* ViewController.m */; };
		4655AF641E8F4AF900E084F7 /* Main.storyboard in Resources */ = {isa = PBXBuildFile; fileRef = 4655AF621E8F4AF900E084F7 /* Main.storyboard */; };
		4655AF661E8F4AF900E084F7 /* Assets.xcassets in Resources */ = {isa = PBXBuildFile; fileRef = 4655AF651E8F4AF900E084F7 /* Assets.xcassets */; };
		4655AF691E8F4AF900E084F7 /* LaunchScreen.storyboard in Resources */ = {isa = PBXBuildFile; fileRef = 4655AF671E8F4AF900E084F7 /* LaunchScreen.storyboard */; };
		4655AF741E8F4AF900E084F7 /* _____DemoUITests.m in Sources */ = {isa = PBXBuildFile; fileRef = 4655AF731E8F4AF900E084F7 /* _____DemoUITests.m */; };
		4655AF8B1E8F4C7100E084F7 /* _____DemoMonkeyTests.swift in Sources */ = {isa = PBXBuildFile; fileRef = 4655AF8A1E8F4C7100E084F7 /* _____DemoMonkeyTests.swift */; };
		4655AF951E8F4D0800E084F7 /* SwiftMonkey.framework in CopyFiles */ = {isa = PBXBuildFile; fileRef = 4655AF831E8F4BD700E084F7 /* SwiftMonkey.framework */; settings = {ATTRIBUTES = (CodeSignOnCopy, RemoveHeadersOnCopy, ); }; };
/* End PBXBuildFile section */

/* Begin PBXContainerItemProxy section */
		4655AF701E8F4AF900E084F7 /* PBXContainerItemProxy */ = {
			isa = PBXContainerItemProxy;
			containerPortal = 4655AF4E1E8F4AF900E084F7 /* Project object */;
			proxyType = 1;
			remoteGlobalIDString = 4655AF551E8F4AF900E084F7;
			remoteInfo = "猴子测试-Demo";
		};
		4655AF821E8F4BD700E084F7 /* PBXContainerItemProxy */ = {
			isa = PBXContainerItemProxy;
			containerPortal = 4655AF7E1E8F4BD700E084F7 /* SwiftMonkey.xcodeproj */;
			proxyType = 2;
			remoteGlobalIDString = OBJ_16;
			remoteInfo = SwiftMonkey;
		};
		4655AF8D1E8F4C7100E084F7 /* PBXContainerItemProxy */ = {
			isa = PBXContainerItemProxy;
			containerPortal = 4655AF4E1E8F4AF900E084F7 /* Project object */;
			proxyType = 1;
			remoteGlobalIDString = 4655AF551E8F4AF900E084F7;
			remoteInfo = "猴子测试-Demo";
		};
		4655AF921E8F4CB400E084F7 /* PBXContainerItemProxy */ = {
			isa = PBXContainerItemProxy;
			containerPortal = 4655AF7E1E8F4BD700E084F7 /* SwiftMonkey.xcodeproj */;
			proxyType = 1;
			remoteGlobalIDString = OBJ_17;
			remoteInfo = SwiftMonkey;
		};
/* End PBXContainerItemProxy section */

/* Begin PBXCopyFilesBuildPhase section */
		4655AF941E8F4CEB00E084F7 /* CopyFiles */ = {
			isa = PBXCopyFilesBuildPhase;
			buildActionMask = 2147483647;
			dstPath = "";
			dstSubfolderSpec = 10;
			files = (
				4655AF951E8F4D0800E084F7 /* SwiftMonkey.framework in CopyFiles */,
			);
			runOnlyForDeploymentPostprocessing = 0;
		};
/* End PBXCopyFilesBuildPhase section */

/* Begin PBXFileReference section */
		4655AF561E8F4AF900E084F7 /* 猴子测试-Demo.app */ = {isa = PBXFileReference; explicitFileType = wrapper.application; includeInIndex = 0; path = "猴子测试-Demo.app"; sourceTree = BUILT_PRODUCTS_DIR; };
		4655AF5A1E8F4AF900E084F7 /* main.m */ = {isa = PBXFileReference; lastKnownFileType = sourcecode.c.objc; path = main.m; sourceTree = "<group>"; };
		4655AF5C1E8F4AF900E084F7 /* AppDelegate.h */ = {isa = PBXFileReference; lastKnownFileType = sourcecode.c.h; path = AppDelegate.h; sourceTree = "<group>"; };
		4655AF5D1E8F4AF900E084F7 /* AppDelegate.m */ = {isa = PBXFileReference; lastKnownFileType = sourcecode.c.objc; path = AppDelegate.m; sourceTree = "<group>"; };
		4655AF5F1E8F4AF900E084F7 /* ViewController.h */ = {isa = PBXFileReference; lastKnownFileType = sourcecode.c.h; path = ViewController.h; sourceTree = "<group>"; };
		4655AF601E8F4AF900E084F7 /* ViewController.m */ = {isa = PBXFileReference; lastKnownFileType = sourcecode.c.objc; path = ViewController.m; sourceTree = "<group>"; };
		4655AF631E8F4AF900E084F7 /* Base */ = {isa = PBXFileReference; lastKnownFileType = file.storyboard; name = Base; path = Base.lproj/Main.storyboard; sourceTree = "<group>"; };
		4655AF651E8F4AF900E084F7 /* Assets.xcassets */ = {isa = PBXFileReference; lastKnownFileType = folder.assetcatalog; path = Assets.xcassets; sourceTree = "<group>"; };
		4655AF681E8F4AF900E084F7 /* Base */ = {isa = PBXFileReference; lastKnownFileType = file.storyboard; name = Base; path = Base.lproj/LaunchScreen.storyboard; sourceTree = "<group>"; };
		4655AF6A1E8F4AF900E084F7 /* Info.plist */ = {isa = PBXFileReference; lastKnownFileType = text.plist.xml; path = Info.plist; sourceTree = "<group>"; };
		4655AF6F1E8F4AF900E084F7 /* 猴子测试-DemoUITests.xctest */ = {isa = PBXFileReference; explicitFileType = wrapper.cfbundle; includeInIndex = 0; path = "猴子测试-DemoUITests.xctest"; sourceTree = BUILT_PRODUCTS_DIR; };
		4655AF731E8F4AF900E084F7 /* _____DemoUITests.m */ = {isa = PBXFileReference; lastKnownFileType = sourcecode.c.objc; path = "_____DemoUITests.m"; sourceTree = "<group>"; };
		4655AF751E8F4AF900E084F7 /* Info.plist */ = {isa = PBXFileReference; lastKnownFileType = text.plist.xml; path = Info.plist; sourceTree = "<group>"; };
		4655AF7E1E8F4BD700E084F7 /* SwiftMonkey.xcodeproj */ = {isa = PBXFileReference; lastKnownFileType = "wrapper.pb-project"; name = SwiftMonkey.xcodeproj; path = SwiftMonkey/SwiftMonkey.xcodeproj; sourceTree = "<group>"; };
		4655AF881E8F4C7100E084F7 /* 猴子测试-DemoMonkeyTests.xctest */ = {isa = PBXFileReference; explicitFileType = wrapper.cfbundle; includeInIndex = 0; path = "猴子测试-DemoMonkeyTests.xctest"; sourceTree = BUILT_PRODUCTS_DIR; };
		4655AF8A1E8F4C7100E084F7 /* _____DemoMonkeyTests.swift */ = {isa = PBXFileReference; lastKnownFileType = sourcecode.swift; path = "_____DemoMonkeyTests.swift"; sourceTree = "<group>"; };
		4655AF8C1E8F4C7100E084F7 /* Info.plist */ = {isa = PBXFileReference; lastKnownFileType = text.plist.xml; path = Info.plist; sourceTree = "<group>"; };
/* End PBXFileReference section */

/* Begin PBXFrameworksBuildPhase section */
		4655AF531E8F4AF900E084F7 /* Frameworks */ = {
			isa = PBXFrameworksBuildPhase;
			buildActionMask = 2147483647;
			files = (
			);
			runOnlyForDeploymentPostprocessing = 0;
		};
		4655AF6C1E8F4AF900E084F7 /* Frameworks */ = {
			isa = PBXFrameworksBuildPhase;
			buildActionMask = 2147483647;
			files = (
			);
			runOnlyForDeploymentPostprocessing = 0;
		};
		4655AF851E8F4C7100E084F7 /* Frameworks */ = {
			isa = PBXFrameworksBuildPhase;
			buildActionMask = 2147483647;
			files = (
			);
			runOnlyForDeploymentPostprocessing = 0;
		};
/* End PBXFrameworksBuildPhase section */

/* Begin PBXGroup section */
		4655AF4D1E8F4AF900E084F7 = {
			isa = PBXGroup;
			children = (
				4655AF7E1E8F4BD700E084F7 /* SwiftMonkey.xcodeproj */,
				4655AF581E8F4AF900E084F7 /* 猴子测试-Demo */,
				4655AF721E8F4AF900E084F7 /* 猴子测试-DemoUITests */,
				4655AF891E8F4C7100E084F7 /* 猴子测试-DemoMonkeyTests */,
				4655AF571E8F4AF900E084F7 /* Products */,
			);
			sourceTree = "<group>";
		};
		4655AF571E8F4AF900E084F7 /* Products */ = {
			isa = PBXGroup;
			children = (
				4655AF561E8F4AF900E084F7 /* 猴子测试-Demo.app */,
				4655AF6F1E8F4AF900E084F7 /* 猴子测试-DemoUITests.xctest */,
				4655AF881E8F4C7100E084F7 /* 猴子测试-DemoMonkeyTests.xctest */,
			);
			name = Products;
			sourceTree = "<group>";
		};
		4655AF581E8F4AF900E084F7 /* 猴子测试-Demo */ = {
			isa = PBXGroup;
			children = (
				4655AF5C1E8F4AF900E084F7 /* AppDelegate.h */,
				4655AF5D1E8F4AF900E084F7 /* AppDelegate.m */,
				4655AF5F1E8F4AF900E084F7 /* ViewController.h */,
				4655AF601E8F4AF900E084F7 /* ViewController.m */,
				4655AF621E8F4AF900E084F7 /* Main.storyboard */,
				4655AF651E8F4AF900E084F7 /* Assets.xcassets */,
				4655AF671E8F4AF900E084F7 /* LaunchScreen.storyboard */,
				4655AF6A1E8F4AF900E084F7 /* Info.plist */,
				4655AF591E8F4AF900E084F7 /* Supporting Files */,
			);
			path = "猴子测试-Demo";
			sourceTree = "<group>";
		};
		4655AF591E8F4AF900E084F7 /* Supporting Files */ = {
			isa = PBXGroup;
			children = (
				4655AF5A1E8F4AF900E084F7 /* main.m */,
			);
			name = "Supporting Files";
			sourceTree = "<group>";
		};
		4655AF721E8F4AF900E084F7 /* 猴子测试-DemoUITests */ = {
			isa = PBXGroup;
			children = (
				4655AF731E8F4AF900E084F7 /* _____DemoUITests.m */,
				4655AF751E8F4AF900E084F7 /* Info.plist */,
			);
			path = "猴子测试-DemoUITests";
			sourceTree = "<group>";
		};
		4655AF7F1E8F4BD700E084F7 /* Products */ = {
			isa = PBXGroup;
			children = (
				4655AF831E8F4BD700E084F7 /* SwiftMonkey.framework */,
			);
			name = Products;
			sourceTree = "<group>";
		};
		4655AF891E8F4C7100E084F7 /* 猴子测试-DemoMonkeyTests */ = {
			isa = PBXGroup;
			children = (
				4655AF8A1E8F4C7100E084F7 /* _____DemoMonkeyTests.swift */,
				4655AF8C1E8F4C7100E084F7 /* Info.plist */,
			);
			path = "猴子测试-DemoMonkeyTests";
			sourceTree = "<group>";
		};
/* End PBXGroup section */

/* Begin PBXNativeTarget section */
		4655AF551E8F4AF900E084F7 /* 猴子测试-Demo */ = {
			isa = PBXNativeTarget;
			buildConfigurationList = 4655AF781E8F4AF900E084F7 /* Build configuration list for PBXNativeTarget "猴子测试-Demo" */;
			buildPhases = (
				4655AF521E8F4AF900E084F7 /* Sources */,
				4655AF531E8F4AF900E084F7 /* Frameworks */,
				4655AF541E8F4AF900E084F7 /* Resources */,
			);
			buildRules = (
			);
			dependencies = (
			);
			name = "猴子测试-Demo";
			productName = "猴子测试-Demo";
			productReference = 4655AF561E8F4AF900E084F7 /* 猴子测试-Demo.app */;
			productType = "com.apple.product-type.application";
		};
		4655AF6E1E8F4AF900E084F7 /* 猴子测试-DemoUITests */ = {
			isa = PBXNativeTarget;
			buildConfigurationList = 4655AF7B1E8F4AF900E084F7 /* Build configuration list for PBXNativeTarget "猴子测试-DemoUITests" */;
			buildPhases = (
				4655AF6B1E8F4AF900E084F7 /* Sources */,
				4655AF6C1E8F4AF900E084F7 /* Frameworks */,
				4655AF6D1E8F4AF900E084F7 /* Resources */,
			);
			buildRules = (
			);
			dependencies = (
				4655AF711E8F4AF900E084F7 /* PBXTargetDependency */,
			);
			name = "猴子测试-DemoUITests";
			productName = "猴子测试-DemoUITests";
			productReference = 4655AF6F1E8F4AF900E084F7 /* 猴子测试-DemoUITests.xctest */;
			productType = "com.apple.product-type.bundle.ui-testing";
		};
		4655AF871E8F4C7100E084F7 /* 猴子测试-DemoMonkeyTests */ = {
			isa = PBXNativeTarget;
			buildConfigurationList = 4655AF8F1E8F4C7100E084F7 /* Build configuration list for PBXNativeTarget "猴子测试-DemoMonkeyTests" */;
			buildPhases = (
				4655AF841E8F4C7100E084F7 /* Sources */,
				4655AF851E8F4C7100E084F7 /* Frameworks */,
				4655AF861E8F4C7100E084F7 /* Resources */,
				4655AF941E8F4CEB00E084F7 /* CopyFiles */,
			);
			buildRules = (
			);
			dependencies = (
				4655AF931E8F4CB400E084F7 /* PBXTargetDependency */,
				4655AF8E1E8F4C7100E084F7 /* PBXTargetDependency */,
			);
			name = "猴子测试-DemoMonkeyTests";
			productName = "猴子测试-DemoMonkeyTests";
			productReference = 4655AF881E8F4C7100E084F7 /* 猴子测试-DemoMonkeyTests.xctest */;
			productType = "com.apple.product-type.bundle.ui-testing";
		};
/* End PBXNativeTarget section */

/* Begin PBXProject section */
		4655AF4E1E8F4AF900E084F7 /* Project object */ = {
			isa = PBXProject;
			attributes = {
				LastSwiftUpdateCheck = 0820;
				LastUpgradeCheck = 0820;
				ORGANIZATIONNAME = "其妙";
				TargetAttributes = {
					4655AF551E8F4AF900E084F7 = {
						CreatedOnToolsVersion = 8.2.1;
						ProvisioningStyle = Automatic;
					};
					4655AF6E1E8F4AF900E084F7 = {
						CreatedOnToolsVersion = 8.2.1;
						ProvisioningStyle = Automatic;
						TestTargetID = 4655AF551E8F4AF900E084F7;
					};
					4655AF871E8F4C7100E084F7 = {
						CreatedOnToolsVersion = 8.2.1;
						ProvisioningStyle = Automatic;
						TestTargetID = 4655AF551E8F4AF900E084F7;
					};
				};
			};
			buildConfigurationList = 4655AF511E8F4AF900E084F7 /* Build configuration list for PBXProject "猴子测试-Demo" */;
			compatibilityVersion = "Xcode 3.2";
			developmentRegion = English;
			hasScannedForEncodings = 0;
			knownRegions = (
				en,
				Base,
			);
			mainGroup = 4655AF4D1E8F4AF900E084F7;
			productRefGroup = 4655AF571E8F4AF900E084F7 /* Products */;
			projectDirPath = "";
			projectReferences = (
				{
					ProductGroup = 4655AF7F1E8F4BD700E084F7 /* Products */;
					ProjectRef = 4655AF7E1E8F4BD700E084F7 /* SwiftMonkey.xcodeproj */;
				},
			);
			projectRoot = "";
			targets = (
				4655AF551E8F4AF900E084F7 /* 猴子测试-Demo */,
				4655AF6E1E8F4AF900E084F7 /* 猴子测试-DemoUITests */,
				4655AF871E8F4C7100E084F7 /* 猴子测试-DemoMonkeyTests */,
			);
		};
/* End PBXProject section */

/* Begin PBXReferenceProxy section */
		4655AF831E8F4BD700E084F7 /* SwiftMonkey.framework */ = {
			isa = PBXReferenceProxy;
			fileType = wrapper.framework;
			path = SwiftMonkey.framework;
			remoteRef = 4655AF821E8F4BD700E084F7 /* PBXContainerItemProxy */;
			sourceTree = BUILT_PRODUCTS_DIR;
		};
/* End PBXReferenceProxy section */

/* Begin PBXResourcesBuildPhase section */
		4655AF541E8F4AF900E084F7 /* Resources */ = {
			isa = PBXResourcesBuildPhase;
			buildActionMask = 2147483647;
			files = (
				4655AF691E8F4AF900E084F7 /* LaunchScreen.storyboard in Resources */,
				4655AF661E8F4AF900E084F7 /* Assets.xcassets in Resources */,
				4655AF641E8F4AF900E084F7 /* Main.storyboard in Resources */,
			);
			runOnlyForDeploymentPostprocessing = 0;
		};
		4655AF6D1E8F4AF900E084F7 /* Resources */ = {
			isa = PBXResourcesBuildPhase;
			buildActionMask = 2147483647;
			files = (
			);
			runOnlyForDeploymentPostprocessing = 0;
		};
		4655AF861E8F4C7100E084F7 /* Resources */ = {
			isa = PBXResourcesBuildPhase;
			buildActionMask = 2147483647;
			files = (
			);
			runOnlyForDeploymentPostprocessing = 0;
		};
/* End PBXResourcesBuildPhase section */

/* Begin PBXSourcesBuildPhase section */
		4655AF521E8F4AF900E084F7 /* Sources */ = {
			isa = PBXSourcesBuildPhase;
			buildActionMask = 2147483647;
			files = (
				4655AF611E8F4AF900E084F7 /* ViewController.m in Sources */,
				4655AF5E1E8F4AF900E084F7 /* AppDelegate.m in Sources */,
				4655AF5B1E8F4AF900E084F7 /* main.m in Sources */,
			);
			runOnlyForDeploymentPostprocessing = 0;
		};
		4655AF6B1E8F4AF900E084F7 /* Sources */ = {
			isa = PBXSourcesBuildPhase;
			buildActionMask = 2147483647;
			files = (
				4655AF741E8F4AF900E084F7 /* _____DemoUITests.m in Sources */,
			);
			runOnlyForDeploymentPostprocessing = 0;
		};
		4655AF841E8F4C7100E084F7 /* Sources */ = {
			isa = PBXSourcesBuildPhase;
			buildActionMask = 2147483647;
			files = (
				4655AF8B1E8F4C7100E084F7 /* _____DemoMonkeyTests.swift in Sources */,
			);
			runOnlyForDeploymentPostprocessing = 0;
		};
/* End PBXSourcesBuildPhase section */

/* Begin PBXTargetDependency section */
		4655AF711E8F4AF900E084F7 /* PBXTargetDependency */ = {
			isa = PBXTargetDependency;
			target = 4655AF551E8F4AF900E084F7 /* 猴子测试-Demo */;
			targetProxy = 4655AF701E8F4AF900E084F7 /* PBXContainerItemProxy */;
		};
		4655AF8E1E8F4C7100E084F7 /* PBXTargetDependency */ = {
			isa = PBXTargetDependency;
			target = 4655AF551E8F4AF900E084F7 /* 猴子测试-Demo */;
			targetProxy = 4655AF8D1E8F4C7100E084F7 /* PBXContainerItemProxy */;
		};
		4655AF931E8F4CB400E084F7 /* PBXTargetDependency */ = {
			isa = PBXTargetDependency;
			name = SwiftMonkey;
			targetProxy = 4655AF921E8F4CB400E084F7 /* PBXContainerItemProxy */;
		};
/* End PBXTargetDependency section */

/* Begin PBXVariantGroup section */
		4655AF621E8F4AF900E084F7 /* Main.storyboard */ = {
			isa = PBXVariantGroup;
			children = (
				4655AF631E8F4AF900E084F7 /* Base */,
			);
			name = Main.storyboard;
			sourceTree = "<group>";
		};
		4655AF671E8F4AF900E084F7 /* LaunchScreen.storyboard */ = {
			isa = PBXVariantGroup;
			children = (
				4655AF681E8F4AF900E084F7 /* Base */,
			);
			name = LaunchScreen.storyboard;
			sourceTree = "<group>";
		};
/* End PBXVariantGroup section */

/* Begin XCBuildConfiguration section */
		4655AF761E8F4AF900E084F7 /* Debug */ = {
			isa = XCBuildConfiguration;
			buildSettings = {
				ALWAYS_SEARCH_USER_PATHS = NO;
				CLANG_ANALYZER_NONNULL = YES;
				CLANG_CXX_LANGUAGE_STANDARD = "gnu++0x";
				CLANG_CXX_LIBRARY = "libc++";
				CLANG_ENABLE_MODULES = YES;
				CLANG_ENABLE_OBJC_ARC = YES;
				CLANG_WARN_BOOL_CONVERSION = YES;
				CLANG_WARN_CONSTANT_CONVERSION = YES;
				CLANG_WARN_DIRECT_OBJC_ISA_USAGE = YES_ERROR;
				CLANG_WARN_DOCUMENTATION_COMMENTS = YES;
				CLANG_WARN_EMPTY_BODY = YES;
				CLANG_WARN_ENUM_CONVERSION = YES;
				CLANG_WARN_INFINITE_RECURSION = YES;
				CLANG_WARN_INT_CONVERSION = YES;
				CLANG_WARN_OBJC_ROOT_CLASS = YES_ERROR;
				CLANG_WARN_SUSPICIOUS_MOVE = YES;
				CLANG_WARN_UNREACHABLE_CODE = YES;
				CLANG_WARN__DUPLICATE_METHOD_MATCH = YES;
				"CODE_SIGN_IDENTITY[sdk=iphoneos*]" = "iPhone Developer";
				COPY_PHASE_STRIP = NO;
				DEBUG_INFORMATION_FORMAT = dwarf;
				ENABLE_STRICT_OBJC_MSGSEND = YES;
				ENABLE_TESTABILITY = YES;
				GCC_C_LANGUAGE_STANDARD = gnu99;
				GCC_DYNAMIC_NO_PIC = NO;
				GCC_NO_COMMON_BLOCKS = YES;
				GCC_OPTIMIZATION_LEVEL = 0;
				GCC_PREPROCESSOR_DEFINITIONS = (
					"DEBUG=1",
					"$(inherited)",
				);
				GCC_WARN_64_TO_32_BIT_CONVERSION = YES;
				GCC_WARN_ABOUT_RETURN_TYPE = YES_ERROR;
				GCC_WARN_UNDECLARED_SELECTOR = YES;
				GCC_WARN_UNINITIALIZED_AUTOS = YES_AGGRESSIVE;
				GCC_WARN_UNUSED_FUNCTION = YES;
				GCC_WARN_UNUSED_VARIABLE = YES;
				IPHONEOS_DEPLOYMENT_TARGET = 10.2;
				MTL_ENABLE_DEBUG_INFO = YES;
				ONLY_ACTIVE_ARCH = YES;
				SDKROOT = iphoneos;
			};
			name = Debug;
		};
		4655AF771E8F4AF900E084F7 /* Release */ = {
			isa = XCBuildConfiguration;
			buildSettings = {
				ALWAYS_SEARCH_USER_PATHS = NO;
				CLANG_ANALYZER_NONNULL = YES;
				CLANG_CXX_LANGUAGE_STANDARD = "gnu++0x";
				CLANG_CXX_LIBRARY = "libc++";
				CLANG_ENABLE_MODULES = YES;
				CLANG_ENABLE_OBJC_ARC = YES;
				CLANG_WARN_BOOL_CONVERSION = YES;
				CLANG_WARN_CONSTANT_CONVERSION = YES;
				CLANG_WARN_DIRECT_OBJC_ISA_USAGE = YES_ERROR;
				CLANG_WARN_DOCUMENTATION_COMMENTS = YES;
				CLANG_WARN_EMPTY_BODY = YES;
				CLANG_WARN_ENUM_CONVERSION = YES;
				CLANG_WARN_INFINITE_RECURSION = YES;
				CLANG_WARN_INT_CONVERSION = YES;
				CLANG_WARN_OBJC_ROOT_CLASS = YES_ERROR;
				CLANG_WARN_SUSPICIOUS_MOVE = YES;
				CLANG_WARN_UNREACHABLE_CODE = YES;
				CLANG_WARN__DUPLICATE_METHOD_MATCH = YES;
				"CODE_SIGN_IDENTITY[sdk=iphoneos*]" = "iPhone Developer";
				COPY_PHASE_STRIP = NO;
				DEBUG_INFORMATION_FORMAT = "dwarf-with-dsym";
				ENABLE_NS_ASSERTIONS = NO;
				ENABLE_STRICT_OBJC_MSGSEND = YES;
				GCC_C_LANGUAGE_STANDARD = gnu99;
				GCC_NO_COMMON_BLOCKS = YES;
				GCC_WARN_64_TO_32_BIT_CONVERSION = YES;
				GCC_WARN_ABOUT_RETURN_TYPE = YES_ERROR;
				GCC_WARN_UNDECLARED_SELECTOR = YES;
				GCC_WARN_UNINITIALIZED_AUTOS = YES_AGGRESSIVE;
				GCC_WARN_UNUSED_FUNCTION = YES;
				GCC_WARN_UNUSED_VARIABLE = YES;
				IPHONEOS_DEPLOYMENT_TARGET = 10.2;
				MTL_ENABLE_DEBUG_INFO = NO;
				SDKROOT = iphoneos;
				VALIDATE_PRODUCT = YES;
			};
			name = Release;
		};
		4655AF791E8F4AF900E084F7 /* Debug */ = {
			isa = XCBuildConfiguration;
			buildSettings = {
				ALWAYS_EMBED_SWIFT_STANDARD_LIBRARIES = YES;
				ASSETCATALOG_COMPILER_APPICON_NAME = AppIcon;
				INFOPLIST_FILE = "猴子测试-Demo/Info.plist";
				LD_RUNPATH_SEARCH_PATHS = "$(inherited) @executable_path/Frameworks";
				PRODUCT_BUNDLE_IDENTIFIER = "com.zyx.-----Demo";
				PRODUCT_NAME = "$(TARGET_NAME)";
			};
			name = Debug;
		};
		4655AF7A1E8F4AF900E084F7 /* Release */ = {
			isa = XCBuildConfiguration;
			buildSettings = {
				ALWAYS_EMBED_SWIFT_STANDARD_LIBRARIES = YES;
				ASSETCATALOG_COMPILER_APPICON_NAME = AppIcon;
				INFOPLIST_FILE = "猴子测试-Demo/Info.plist";
				LD_RUNPATH_SEARCH_PATHS = "$(inherited) @executable_path/Frameworks";
				PRODUCT_BUNDLE_IDENTIFIER = "com.zyx.-----Demo";
				PRODUCT_NAME = "$(TARGET_NAME)";
			};
			name = Release;
		};
		4655AF7C1E8F4AF900E084F7 /* Debug */ = {
			isa = XCBuildConfiguration;
			buildSettings = {
				INFOPLIST_FILE = "猴子测试-DemoUITests/Info.plist";
				LD_RUNPATH_SEARCH_PATHS = "$(inherited) @executable_path/Frameworks @loader_path/Frameworks";
				PRODUCT_BUNDLE_IDENTIFIER = "com.zyx.-----DemoUITests";
				PRODUCT_NAME = "$(TARGET_NAME)";
				TEST_TARGET_NAME = "猴子测试-Demo";
			};
			name = Debug;
		};
		4655AF7D1E8F4AF900E084F7 /* Release */ = {
			isa = XCBuildConfiguration;
			buildSettings = {
				INFOPLIST_FILE = "猴子测试-DemoUITests/Info.plist";
				LD_RUNPATH_SEARCH_PATHS = "$(inherited) @executable_path/Frameworks @loader_path/Frameworks";
				PRODUCT_BUNDLE_IDENTIFIER = "com.zyx.-----DemoUITests";
				PRODUCT_NAME = "$(TARGET_NAME)";
				TEST_TARGET_NAME = "猴子测试-Demo";
			};
			name = Release;
		};
		4655AF901E8F4C7100E084F7 /* Debug */ = {
			isa = XCBuildConfiguration;
			buildSettings = {
				INFOPLIST_FILE = "猴子测试-DemoMonkeyTests/Info.plist";
				LD_RUNPATH_SEARCH_PATHS = "$(inherited) @executable_path/Frameworks @loader_path/Frameworks";
				PRODUCT_BUNDLE_IDENTIFIER = "com.zyx.-----DemoMonkeyTests";
				PRODUCT_NAME = "$(TARGET_NAME)";
				SWIFT_ACTIVE_COMPILATION_CONDITIONS = DEBUG;
				SWIFT_OPTIMIZATION_LEVEL = "-Onone";
				SWIFT_VERSION = 3.0;
				TEST_TARGET_NAME = "猴子测试-Demo";
			};
			name = Debug;
		};
		4655AF911E8F4C7100E084F7 /* Release */ = {
			isa = XCBuildConfiguration;
			buildSettings = {
				INFOPLIST_FILE = "猴子测试-DemoMonkeyTests/Info.plist";
				LD_RUNPATH_SEARCH_PATHS = "$(inherited) @executable_path/Frameworks @loader_path/Frameworks";
				PRODUCT_BUNDLE_IDENTIFIER = "com.zyx.-----DemoMonkeyTests";
				PRODUCT_NAME = "$(TARGET_NAME)";
				SWIFT_OPTIMIZATION_LEVEL = "-Owholemodule";
				SWIFT_VERSION = 3.0;
				TEST_TARGET_NAME = "猴子测试-Demo";
			};
			name = Release;
		};
/* End XCBuildConfiguration section */

/* Begin XCConfigurationList section */
		4655AF511E8F4AF900E084F7 /* Build configuration list for PBXProject "猴子测试-Demo" */ = {
			isa = XCConfigurationList;
			buildConfigurations = (
				4655AF761E8F4AF900E084F7 /* Debug */,
				4655AF771E8F4AF900E084F7 /* Release */,
			);
			defaultConfigurationIsVisible = 0;
			defaultConfigurationName = Release;
		};
		4655AF781E8F4AF900E084F7 /* Build configuration list for PBXNativeTarget "猴子测试-Demo" */ = {
			isa = XCConfigurationList;
			buildConfigurations = (
				4655AF791E8F4AF900E084F7 /* Debug */,
				4655AF7A1E8F4AF900E084F7 /* Release */,
			);
			defaultConfigurationIsVisible = 0;
			defaultConfigurationName = Release;
		};
		4655AF7B1E8F4AF900E084F7 /* Build configuration list for PBXNativeTarget "猴子测试-DemoUITests" */ = {
			isa = XCConfigurationList;
			buildConfigurations = (
				4655AF7C1E8F4AF900E084F7 /* Debug */,
				4655AF7D1E8F4AF900E084F7 /* Release */,
			);
			defaultConfigurationIsVisible = 0;
			defaultConfigurationName = Release;
		};
		4655AF8F1E8F4C7100E084F7 /* Build configuration list for PBXNativeTarget "猴子测试-DemoMonkeyTests" */ = {
			isa = XCConfigurationList;
			buildConfigurations = (
				4655AF901E8F4C7100E084F7 /* Debug */,
				4655AF911E8F4C7100E084F7 /* Release */,
			);
			defaultConfigurationIsVisible = 0;
			defaultConfigurationName = Release;
		};
/* End XCConfigurationList section */
	};
	rootObject = 4655AF4E1E8F4AF900E084F7 /* Project object */;
}
